Microsoft Visual Studio Solution File, Format Version 12.00
# Visual Studio 2012
Project("{8BC9CEB8-8B4A-11D0-8D11-00A0C91BC942}") = "PassFilt", "PassFilt\vs2012\PassFilt.vcxproj", "{191735B5-2B9A-40B1-A2AE-DB6B34E86BF3}"
EndProject
Project("{8BC9CEB8-8B4A-11D0-8D11-00A0C91BC942}") = "DecryptDrop", "DecryptDrop\vs2012\DecryptDrop.vcxproj", "{03A1D3A9-E106-4FC0-96C6-8278C574DA60}"
EndProject
Project("{8BC9CEB8-8B4A-11D0-8D11-00A0C91BC942}") = "PubPrivkeygen", "PubPrivkeygen\vs2012\PubPrivkeygen.vcxproj", "{F9BDCB6F-88C6-4150-B705-5A09576A93BD}"
EndProject
Global
	GlobalSection(SolutionConfigurationPlatforms) = preSolution
		Debug|Win32 = Debug|Win32
		Debug|x64 = Debug|x64
		Release|Win32 = Release|Win32
		Release|x64 = Release|x64
	EndGlobalSection
	GlobalSection(ProjectConfigurationPlatforms) = postSolution
		{191735B5-2B9A-40B1-A2AE-DB6B34E86BF3}.Debug|Win32.ActiveCfg = Debug|Win32
		{191735B5-2B9A-40B1-A2AE-DB6B34E86BF3}.Debug|Win32.Build.0 = Debug|Win32
		{191735B5-2B9A-40B1-A2AE-DB6B34E86BF3}.Debug|x64.ActiveCfg = Debug|x64
		{191735B5-2B9A-40B1-A2AE-DB6B34E86BF3}.Debug|x64.Build.0 = Debug|x64
		{191735B5-2B9A-40B1-A2AE-DB6B34E86BF3}.Release|Win32.ActiveCfg = Release|Win32
		{191735B5-2B9A-40B1-A2AE-DB6B34E86BF3}.Release|Win32.Build.0 = Release|Win32
		{191735B5-2B9A-40B1-A2AE-DB6B34E86BF3}.Release|x64.ActiveCfg = Release|x64
		{191735B5-2B9A-40B1-A2AE-DB6B34E86BF3}.Release|x64.Build.0 = Release|x64
		{03A1D3A9-E106-4FC0-96C6-8278C574DA60}.Debug|Win32.ActiveCfg = Debug|Win32
		{03A1D3A9-E106-4FC0-96C6-8278C574DA60}.Debug|Win32.Build.0 = Debug|Win32
		{03A1D3A9-E106-4FC0-96C6-8278C574DA60}.Debug|x64.ActiveCfg = Debug|x64
		{03A1D3A9-E106-4FC0-96C6-8278C574DA60}.Debug|x64.Build.0 = Debug|x64
		{03A1D3A9-E106-4FC0-96C6-8278C574DA60}.Release|Win32.ActiveCfg = Release|Win32
		{03A1D3A9-E106-4FC0-96C6-8278C574DA60}.Release|Win32.Build.0 = Release|Win32
		{03A1D3A9-E106-4FC0-96C6-8278C574DA60}.Release|x64.ActiveCfg = Release|x64
		{03A1D3A9-E106-4FC0-96C6-8278C574DA60}.Release|x64.Build.0 = Release|x64
		{F9BDCB6F-88C6-4150-B705-5A09576A93BD}.Debug|Win32.ActiveCfg = Debug|Win32
		{F9BDCB6F-88C6-4150-B705-5A09576A93BD}.Debug|Win32.Build.0 = Debug|Win32
		{F9BDCB6F-88C6-4150-B705-5A09576A93BD}.Debug|x64.ActiveCfg = Debug|x64
		{F9BDCB6F-88C6-4150-B705-5A09576A93BD}.Debug|x64.Build.0 = Debug|x64
		{F9BDCB6F-88C6-4150-B705-5A09576A93BD}.Release|Win32.ActiveCfg = Release|Win32
		{F9BDCB6F-88C6-4150-B705-5A09576A93BD}.Release|Win32.Build.0 = Release|Win32
		{F9BDCB6F-88C6-4150-B705-5A09576A93BD}.Release|x64.ActiveCfg = Release|x64
		{F9BDCB6F-88C6-4150-B705-5A09576A93BD}.Release|x64.Build.0 = Release|x64
	EndGlobalSection
	GlobalSection(SolutionProperties) = preSolution
		HideSolutionNode = FALSE
	EndGlobalSection
EndGlobal
